
Microsoft Visual Studio Solution File, Format Version 12.00
# Visual Studio Version 16
VisualStudioVersion = 16.0.30413.136
MinimumVisualStudioVersion = 10.0.40219.1
Project("{FAE04EC0-301F-11D3-BF4B-00C04F79EFBC}") = "NoteGraphr", "NoteGraphr.csproj", "{650A90D0-2260-4CCB-997F-9F6580EE4E67}"
EndProject
Project("{FAE04EC0-301F-11D3-BF4B-00C04F79EFBC}") = "NoteGraphr.Tests", "..\NoteGraphr.Tests\NoteGraphr.Tests.csproj", "{7CE44BF0-93FC-4D10-BD47-328DF8F9EF56}"
EndProject
Project("{FAE04EC0-301F-11D3-BF4B-00C04F79EFBC}") = "NoteGraphr.Core", "..\NoteGraphr.Core\NoteGraphr.Core.csproj", "{5AF67C07-2106-464A-9091-C721BC7E7FCE}"
EndProject
Global
	GlobalSection(SolutionConfigurationPlatforms) = preSolution
		Debug|Any CPU = Debug|Any CPU
		Release|Any CPU = Release|Any CPU
	EndGlobalSection
	GlobalSection(ProjectConfigurationPlatforms) = postSolution
		{650A90D0-2260-4CCB-997F-9F6580EE4E67}.Debug|Any CPU.ActiveCfg = Debug|Any CPU
		{650A90D0-2260-4CCB-997F-9F6580EE4E67}.Debug|Any CPU.Build.0 = Debug|Any CPU
		{650A90D0-2260-4CCB-997F-9F6580EE4E67}.Release|Any CPU.ActiveCfg = Release|Any CPU
		{650A90D0-2260-4CCB-997F-9F6580EE4E67}.Release|Any CPU.Build.0 = Release|Any CPU
		{7CE44BF0-93FC-4D10-BD47-328DF8F9EF56}.Debug|Any CPU.ActiveCfg = Debug|Any CPU
		{7CE44BF0-93FC-4D10-BD47-328DF8F9EF56}.Debug|Any CPU.Build.0 = Debug|Any CPU
		{7CE44BF0-93FC-4D10-BD47-328DF8F9EF56}.Release|Any CPU.ActiveCfg = Release|Any CPU
		{7CE44BF0-93FC-4D10-BD47-328DF8F9EF56}.Release|Any CPU.Build.0 = Release|Any CPU
		{5AF67C07-2106-464A-9091-C721BC7E7FCE}.Debug|Any CPU.ActiveCfg = Debug|Any CPU
		{5AF67C07-2106-464A-9091-C721BC7E7FCE}.Debug|Any CPU.Build.0 = Debug|Any CPU
		{5AF67C07-2106-464A-9091-C721BC7E7FCE}.Release|Any CPU.ActiveCfg = Release|Any CPU
		{5AF67C07-2106-464A-9091-C721BC7E7FCE}.Release|Any CPU.Build.0 = Release|Any CPU
	EndGlobalSection
	GlobalSection(SolutionProperties) = preSolution
		HideSolutionNode = FALSE
	EndGlobalSection
	GlobalSection(ExtensibilityGlobals) = postSolution
		SolutionGuid = {6D02E547-7243-492B-BE69-8F82AAD9D00C}
	EndGlobalSection
EndGlobal
